// !$*UTF8*$!
{
	archiveVersion = 1;
	classes = {
	};
	objectVersion = 55;
	objects = {

/* Begin PBXBuildFile section */
		A119528827BEE72A008C6645 /* EssentialFeed.docc in Sources */ = {isa = PBXBuildFile; fileRef = A119528727BEE72A008C6645 /* EssentialFeed.docc */; };
		A119528E27BEE72A008C6645 /* EssentialFeed.framework in Frameworks */ = {isa = PBXBuildFile; fileRef = A119528327BEE72A008C6645 /* EssentialFeed.framework */; };
		AF3F4D622AD2F1DB001BD106 /* FeedImage.swift in Sources */ = {isa = PBXBuildFile; fileRef = AF3F4D612AD2F1DB001BD106 /* FeedImage.swift */; };
		AF3F4D642AD2F31C001BD106 /* FeedLoader.swift in Sources */ = {isa = PBXBuildFile; fileRef = AF3F4D632AD2F31C001BD106 /* FeedLoader.swift */; };
		AF3F4D672AD30CC5001BD106 /* LoadFeedFromRemoteUseCaseTests.swift in Sources */ = {isa = PBXBuildFile; fileRef = AF3F4D662AD30CC5001BD106 /* LoadFeedFromRemoteUseCaseTests.swift */; };
		AF3F4D6A2AD31682001BD106 /* RemoteFeedLoader.swift in Sources */ = {isa = PBXBuildFile; fileRef = AF3F4D692AD31682001BD106 /* RemoteFeedLoader.swift */; };
		AF57BC7D2B73B7F600B03F9E /* CI_macOS.xctestplan in Resources */ = {isa = PBXBuildFile; fileRef = AF57BC7C2B73B7F600B03F9E /* CI_macOS.xctestplan */; };
		AF57BC8B2B73B87700B03F9E /* LocalFeedImage.swift in Sources */ = {isa = PBXBuildFile; fileRef = AF57BC872B73B87700B03F9E /* LocalFeedImage.swift */; };
		AF57BC8C2B73B87700B03F9E /* FeedCachePolicy.swift in Sources */ = {isa = PBXBuildFile; fileRef = AF57BC882B73B87700B03F9E /* FeedCachePolicy.swift */; };
		AF57BC8D2B73B87700B03F9E /* LocalFeedLoader.swift in Sources */ = {isa = PBXBuildFile; fileRef = AF57BC892B73B87700B03F9E /* LocalFeedLoader.swift */; };
		AF57BC8E2B73B87700B03F9E /* FeedStore.swift in Sources */ = {isa = PBXBuildFile; fileRef = AF57BC8A2B73B87700B03F9E /* FeedStore.swift */; };
		AF57BC952B73B88800B03F9E /* CoreDataFeedStore.swift in Sources */ = {isa = PBXBuildFile; fileRef = AF57BC8F2B73B88800B03F9E /* CoreDataFeedStore.swift */; };
		AF57BC962B73B88800B03F9E /* ManagedFeedImage.swift in Sources */ = {isa = PBXBuildFile; fileRef = AF57BC902B73B88800B03F9E /* ManagedFeedImage.swift */; };
		AF57BC972B73B88800B03F9E /* ManagedCache.swift in Sources */ = {isa = PBXBuildFile; fileRef = AF57BC912B73B88800B03F9E /* ManagedCache.swift */; };
		AF57BC982B73B88800B03F9E /* CoreDataHelpers.swift in Sources */ = {isa = PBXBuildFile; fileRef = AF57BC922B73B88800B03F9E /* CoreDataHelpers.swift */; };
		AF57BC992B73B88800B03F9E /* FeedStore.xcdatamodeld in Sources */ = {isa = PBXBuildFile; fileRef = AF57BC932B73B88800B03F9E /* FeedStore.xcdatamodeld */; };
		AF57BC9D2B73B96D00B03F9E /* EssentialFeedCacheIntegrationTests.swift in Sources */ = {isa = PBXBuildFile; fileRef = AF57BC9C2B73B96500B03F9E /* EssentialFeedCacheIntegrationTests.swift */; };
		AF57BCA12B73BA0400B03F9E /* CoreDataFeedStoreTests.swift in Sources */ = {isa = PBXBuildFile; fileRef = AF57BC9E2B73BA0400B03F9E /* CoreDataFeedStoreTests.swift */; };
		AF57BCA22B73BA0400B03F9E /* CacheFeedUseCaseTests.swift in Sources */ = {isa = PBXBuildFile; fileRef = AF57BC9F2B73BA0400B03F9E /* CacheFeedUseCaseTests.swift */; };
		AF57BCA32B73BA0400B03F9E /* ValidateFeedCacheUseCaseTests.swift in Sources */ = {isa = PBXBuildFile; fileRef = AF57BCA02B73BA0400B03F9E /* ValidateFeedCacheUseCaseTests.swift */; };
		AF57BCAA2B73BA1800B03F9E /* XCTestCase+FailableInsertFeedStoreSpecs.swift in Sources */ = {isa = PBXBuildFile; fileRef = AF57BCA52B73BA1800B03F9E /* XCTestCase+FailableInsertFeedStoreSpecs.swift */; };
		AF57BCAB2B73BA1800B03F9E /* XCTestCase+FailableRetrieveFeedStoreSpecs.swift in Sources */ = {isa = PBXBuildFile; fileRef = AF57BCA62B73BA1800B03F9E /* XCTestCase+FailableRetrieveFeedStoreSpecs.swift */; };
		AF57BCAC2B73BA1800B03F9E /* XCTestCase+FeedStoreSpecs.swift in Sources */ = {isa = PBXBuildFile; fileRef = AF57BCA72B73BA1800B03F9E /* XCTestCase+FeedStoreSpecs.swift */; };
		AF57BCAD2B73BA1800B03F9E /* XCTestCase+FailableDeleteFeedStoreSpecs.swift in Sources */ = {isa = PBXBuildFile; fileRef = AF57BCA82B73BA1800B03F9E /* XCTestCase+FailableDeleteFeedStoreSpecs.swift */; };
		AF57BCAE2B73BA1800B03F9E /* FeedStoreSepcs.swift in Sources */ = {isa = PBXBuildFile; fileRef = AF57BCA92B73BA1800B03F9E /* FeedStoreSepcs.swift */; };
		AF57BCB12B73BA2F00B03F9E /* FeedCacheTestHelpers.swift in Sources */ = {isa = PBXBuildFile; fileRef = AF57BCB02B73BA2F00B03F9E /* FeedCacheTestHelpers.swift */; };
		AF57BCBA2B75023600B03F9E /* FeedCacheTestHelpers.swift in Sources */ = {isa = PBXBuildFile; fileRef = AF57BCB02B73BA2F00B03F9E /* FeedCacheTestHelpers.swift */; };
		AF57BCC42B7503C400B03F9E /* EssentialFeediOS.docc in Sources */ = {isa = PBXBuildFile; fileRef = AF57BCC32B7503C400B03F9E /* EssentialFeediOS.docc */; };
		AF57BCCA2B7503C400B03F9E /* EssentialFeediOS.framework in Frameworks */ = {isa = PBXBuildFile; fileRef = AF57BCC02B7503C400B03F9E /* EssentialFeediOS.framework */; };
		AF61DBEB2AE0894C00717A7C /* URLSessionHTTPClient.swift in Sources */ = {isa = PBXBuildFile; fileRef = AF61DBEA2AE0894C00717A7C /* URLSessionHTTPClient.swift */; };
		AF61DBEF2AE08FBE00717A7C /* db.json in Resources */ = {isa = PBXBuildFile; fileRef = AF61DBEE2AE08FBE00717A7C /* db.json */; };
		AF61DBF72AE0914600717A7C /* EssentialFeedAPIEndToEndTests.swift in Sources */ = {isa = PBXBuildFile; fileRef = AF61DBF62AE0914600717A7C /* EssentialFeedAPIEndToEndTests.swift */; };
		AF61DBF82AE0914600717A7C /* EssentialFeed.framework in Frameworks */ = {isa = PBXBuildFile; fileRef = A119528327BEE72A008C6645 /* EssentialFeed.framework */; };
		AF61DBFE2AE0981F00717A7C /* XCTestCase+MemoryLeakTrackingHelper.swift in Sources */ = {isa = PBXBuildFile; fileRef = AFF63FAD2AE06E9100B18C48 /* XCTestCase+MemoryLeakTrackingHelper.swift */; };
		AF68AFED2AF8366C004E8298 /* RemoteFeedItem.swift in Sources */ = {isa = PBXBuildFile; fileRef = AF68AFEC2AF8366C004E8298 /* RemoteFeedItem.swift */; };
		AF68AFF12AF84A55004E8298 /* LoadFeedFromCacheUseCaseTests.swift in Sources */ = {isa = PBXBuildFile; fileRef = AF68AFF02AF84A55004E8298 /* LoadFeedFromCacheUseCaseTests.swift */; };
		AF68AFF32AF84E03004E8298 /* FeedStoreSpy.swift in Sources */ = {isa = PBXBuildFile; fileRef = AF68AFF22AF84E02004E8298 /* FeedStoreSpy.swift */; };
		AF74FF9A2AD7ED2D00DE2811 /* HTTPClient.swift in Sources */ = {isa = PBXBuildFile; fileRef = AF74FF992AD7ED2D00DE2811 /* HTTPClient.swift */; };
		AF74FF9C2AD7EDBB00DE2811 /* FeedItemsMapper.swift in Sources */ = {isa = PBXBuildFile; fileRef = AF74FF9B2AD7EDBB00DE2811 /* FeedItemsMapper.swift */; };
		AF74FF9E2AD8207700DE2811 /* URLSessionHTTPClientTests.swift in Sources */ = {isa = PBXBuildFile; fileRef = AF74FF9D2AD8207700DE2811 /* URLSessionHTTPClientTests.swift */; };
		AFA3853B2AFC319200F59F9B /* SharedTestHelpers.swift in Sources */ = {isa = PBXBuildFile; fileRef = AFA3853A2AFC319200F59F9B /* SharedTestHelpers.swift */; };
		AFA3853C2AFC322F00F59F9B /* SharedTestHelpers.swift in Sources */ = {isa = PBXBuildFile; fileRef = AFA3853A2AFC319200F59F9B /* SharedTestHelpers.swift */; };
		AFD0DC9C2B77D9EA00A12387 /* UIView+Shimmering.swift in Sources */ = {isa = PBXBuildFile; fileRef = AFD0DC9B2B77D9EA00A12387 /* UIView+Shimmering.swift */; };
		AFD2A11D2B7E345E0060A934 /* FeedImagePresenter.swift in Sources */ = {isa = PBXBuildFile; fileRef = AFD2A11C2B7E345E0060A934 /* FeedImagePresenter.swift */; };
		AFDBBD872B656C3700F75F81 /* EssentialFeed.framework in Frameworks */ = {isa = PBXBuildFile; fileRef = A119528327BEE72A008C6645 /* EssentialFeed.framework */; };
		AFDBBD8D2B657E3B00F75F81 /* XCTestCase+MemoryLeakTrackingHelper.swift in Sources */ = {isa = PBXBuildFile; fileRef = AFF63FAD2AE06E9100B18C48 /* XCTestCase+MemoryLeakTrackingHelper.swift */; };
		AFDBBD8F2B65825E00F75F81 /* SharedTestHelpers.swift in Sources */ = {isa = PBXBuildFile; fileRef = AFA3853A2AFC319200F59F9B /* SharedTestHelpers.swift */; };
		AFDC137E2B7F9A1000F85330 /* FeedLoadingViewModel.swift in Sources */ = {isa = PBXBuildFile; fileRef = AFDC137D2B7F9A1000F85330 /* FeedLoadingViewModel.swift */; };
		AFDC13802B7F9A4700F85330 /* FeedViewModel.swift in Sources */ = {isa = PBXBuildFile; fileRef = AFDC137F2B7F9A4700F85330 /* FeedViewModel.swift */; };
		AFF63FAE2AE06E9100B18C48 /* XCTestCase+MemoryLeakTrackingHelper.swift in Sources */ = {isa = PBXBuildFile; fileRef = AFF63FAD2AE06E9100B18C48 /* XCTestCase+MemoryLeakTrackingHelper.swift */; };
		AFF823EF2B793BF40047A364 /* FeedImageDataLoader.swift in Sources */ = {isa = PBXBuildFile; fileRef = AFF823EE2B793BF40047A364 /* FeedImageDataLoader.swift */; };
		AFF823F42B793E3C0047A364 /* FeedRefreshViewController.swift in Sources */ = {isa = PBXBuildFile; fileRef = AFF823F32B793E3C0047A364 /* FeedRefreshViewController.swift */; };
		AFF823F62B7942620047A364 /* FeedImageCellController.swift in Sources */ = {isa = PBXBuildFile; fileRef = AFF823F52B7942620047A364 /* FeedImageCellController.swift */; };
		AFF823F92B7976FF0047A364 /* FeedUIComposer.swift in Sources */ = {isa = PBXBuildFile; fileRef = AFF823F82B7976FE0047A364 /* FeedUIComposer.swift */; };
		AFF823FE2B7986940047A364 /* FeedImageViewModel.swift in Sources */ = {isa = PBXBuildFile; fileRef = AFF823FD2B7986940047A364 /* FeedImageViewModel.swift */; };
		AFF824012B798F070047A364 /* FeedPresenter.swift in Sources */ = {isa = PBXBuildFile; fileRef = AFF824002B798F070047A364 /* FeedPresenter.swift */; };
		AFFD51642B7513920087B77C /* FeedViewControllerTests.swift in Sources */ = {isa = PBXBuildFile; fileRef = AFFD51622B7513920087B77C /* FeedViewControllerTests.swift */; };
		AFFD51662B7516B60087B77C /* EssentialFeed.framework in Frameworks */ = {isa = PBXBuildFile; fileRef = A119528327BEE72A008C6645 /* EssentialFeed.framework */; };
		AFFD516B2B7518530087B77C /* XCTestCase+MemoryLeakTrackingHelper.swift in Sources */ = {isa = PBXBuildFile; fileRef = AFF63FAD2AE06E9100B18C48 /* XCTestCase+MemoryLeakTrackingHelper.swift */; };
		AFFD516D2B7523750087B77C /* FeedViewController.swift in Sources */ = {isa = PBXBuildFile; fileRef = AFFD516C2B7523750087B77C /* FeedViewController.swift */; };
		AFFD51702B7534980087B77C /* FeedImageCell.swift in Sources */ = {isa = PBXBuildFile; fileRef = AFFD516F2B7534980087B77C /* FeedImageCell.swift */; };
/* End PBXBuildFile section */

/* Begin PBXContainerItemProxy section */
		A119528F27BEE72A008C6645 /* PBXContainerItemProxy */ = {
			isa = PBXContainerItemProxy;
			containerPortal = A119527A27BEE72A008C6645 /* Project object */;
			proxyType = 1;
			remoteGlobalIDString = A119528227BEE72A008C6645;
			remoteInfo = EssentialFeed;
		};
		AF57BCCB2B7503C400B03F9E /* PBXContainerItemProxy */ = {
			isa = PBXContainerItemProxy;
			containerPortal = A119527A27BEE72A008C6645 /* Project object */;
			proxyType = 1;
			remoteGlobalIDString = AF57BCBF2B7503C400B03F9E;
			remoteInfo = EssentialFeediOS;
		};
		AF61DBF92AE0914600717A7C /* PBXContainerItemProxy */ = {
			isa = PBXContainerItemProxy;
			containerPortal = A119527A27BEE72A008C6645 /* Project object */;
			proxyType = 1;
			remoteGlobalIDString = A119528227BEE72A008C6645;
			remoteInfo = EssentialFeed;
		};
		AFDBBD882B656C3700F75F81 /* PBXContainerItemProxy */ = {
			isa = PBXContainerItemProxy;
			containerPortal = A119527A27BEE72A008C6645 /* Project object */;
			proxyType = 1;
			remoteGlobalIDString = A119528227BEE72A008C6645;
			remoteInfo = EssentialFeed;
		};
		AFFD51682B7516B60087B77C /* PBXContainerItemProxy */ = {
			isa = PBXContainerItemProxy;
			containerPortal = A119527A27BEE72A008C6645 /* Project object */;
			proxyType = 1;
			remoteGlobalIDString = A119528227BEE72A008C6645;
			remoteInfo = EssentialFeed;
		};
/* End PBXContainerItemProxy section */

/* Begin PBXFileReference section */
		A119528327BEE72A008C6645 /* EssentialFeed.framework */ = {isa = PBXFileReference; explicitFileType = wrapper.framework; includeInIndex = 0; path = EssentialFeed.framework; sourceTree = BUILT_PRODUCTS_DIR; };
		A119528727BEE72A008C6645 /* EssentialFeed.docc */ = {isa = PBXFileReference; lastKnownFileType = folder.documentationcatalog; path = EssentialFeed.docc; sourceTree = "<group>"; };
		A119528D27BEE72A008C6645 /* EssentialFeedTests.xctest */ = {isa = PBXFileReference; explicitFileType = wrapper.cfbundle; includeInIndex = 0; path = EssentialFeedTests.xctest; sourceTree = BUILT_PRODUCTS_DIR; };
		AF3F4D612AD2F1DB001BD106 /* FeedImage.swift */ = {isa = PBXFileReference; lastKnownFileType = sourcecode.swift; path = FeedImage.swift; sourceTree = "<group>"; };
		AF3F4D632AD2F31C001BD106 /* FeedLoader.swift */ = {isa = PBXFileReference; lastKnownFileType = sourcecode.swift; path = FeedLoader.swift; sourceTree = "<group>"; };
		AF3F4D662AD30CC5001BD106 /* LoadFeedFromRemoteUseCaseTests.swift */ = {isa = PBXFileReference; lastKnownFileType = sourcecode.swift; path = LoadFeedFromRemoteUseCaseTests.swift; sourceTree = "<group>"; };
		AF3F4D692AD31682001BD106 /* RemoteFeedLoader.swift */ = {isa = PBXFileReference; lastKnownFileType = sourcecode.swift; path = RemoteFeedLoader.swift; sourceTree = "<group>"; };
		AF57BC7C2B73B7F600B03F9E /* CI_macOS.xctestplan */ = {isa = PBXFileReference; fileEncoding = 4; lastKnownFileType = text; name = CI_macOS.xctestplan; path = ../CI_macOS.xctestplan; sourceTree = "<group>"; };
		AF57BC872B73B87700B03F9E /* LocalFeedImage.swift */ = {isa = PBXFileReference; fileEncoding = 4; lastKnownFileType = sourcecode.swift; name = LocalFeedImage.swift; path = "Feed Cache/LocalFeedImage.swift"; sourceTree = SOURCE_ROOT; };
		AF57BC882B73B87700B03F9E /* FeedCachePolicy.swift */ = {isa = PBXFileReference; fileEncoding = 4; lastKnownFileType = sourcecode.swift; name = FeedCachePolicy.swift; path = "Feed Cache/FeedCachePolicy.swift"; sourceTree = SOURCE_ROOT; };
		AF57BC892B73B87700B03F9E /* LocalFeedLoader.swift */ = {isa = PBXFileReference; fileEncoding = 4; lastKnownFileType = sourcecode.swift; name = LocalFeedLoader.swift; path = "Feed Cache/LocalFeedLoader.swift"; sourceTree = SOURCE_ROOT; };
		AF57BC8A2B73B87700B03F9E /* FeedStore.swift */ = {isa = PBXFileReference; fileEncoding = 4; lastKnownFileType = sourcecode.swift; name = FeedStore.swift; path = "Feed Cache/FeedStore.swift"; sourceTree = SOURCE_ROOT; };
		AF57BC8F2B73B88800B03F9E /* CoreDataFeedStore.swift */ = {isa = PBXFileReference; fileEncoding = 4; lastKnownFileType = sourcecode.swift; name = CoreDataFeedStore.swift; path = "Feed Cache/Infrastructure/CoreDataFeedStore.swift"; sourceTree = SOURCE_ROOT; };
		AF57BC902B73B88800B03F9E /* ManagedFeedImage.swift */ = {isa = PBXFileReference; fileEncoding = 4; lastKnownFileType = sourcecode.swift; name = ManagedFeedImage.swift; path = "Feed Cache/Infrastructure/ManagedFeedImage.swift"; sourceTree = SOURCE_ROOT; };
		AF57BC912B73B88800B03F9E /* ManagedCache.swift */ = {isa = PBXFileReference; fileEncoding = 4; lastKnownFileType = sourcecode.swift; name = ManagedCache.swift; path = "Feed Cache/Infrastructure/ManagedCache.swift"; sourceTree = SOURCE_ROOT; };
		AF57BC922B73B88800B03F9E /* CoreDataHelpers.swift */ = {isa = PBXFileReference; fileEncoding = 4; lastKnownFileType = sourcecode.swift; name = CoreDataHelpers.swift; path = "Feed Cache/Infrastructure/CoreDataHelpers.swift"; sourceTree = SOURCE_ROOT; };
		AF57BC942B73B88800B03F9E /* FeedStore.xcdatamodel */ = {isa = PBXFileReference; lastKnownFileType = wrapper.xcdatamodel; path = FeedStore.xcdatamodel; sourceTree = "<group>"; };
		AF57BC9C2B73B96500B03F9E /* EssentialFeedCacheIntegrationTests.swift */ = {isa = PBXFileReference; lastKnownFileType = sourcecode.swift; path = EssentialFeedCacheIntegrationTests.swift; sourceTree = "<group>"; };
		AF57BC9E2B73BA0400B03F9E /* CoreDataFeedStoreTests.swift */ = {isa = PBXFileReference; fileEncoding = 4; lastKnownFileType = sourcecode.swift; name = CoreDataFeedStoreTests.swift; path = "../../../EssentialFeedTests/Feed Cache/CoreDataFeedStoreTests.swift"; sourceTree = "<group>"; };
		AF57BC9F2B73BA0400B03F9E /* CacheFeedUseCaseTests.swift */ = {isa = PBXFileReference; fileEncoding = 4; lastKnownFileType = sourcecode.swift; name = CacheFeedUseCaseTests.swift; path = "../../../EssentialFeedTests/Feed Cache/CacheFeedUseCaseTests.swift"; sourceTree = "<group>"; };
		AF57BCA02B73BA0400B03F9E /* ValidateFeedCacheUseCaseTests.swift */ = {isa = PBXFileReference; fileEncoding = 4; lastKnownFileType = sourcecode.swift; name = ValidateFeedCacheUseCaseTests.swift; path = "../../../EssentialFeedTests/Feed Cache/ValidateFeedCacheUseCaseTests.swift"; sourceTree = "<group>"; };
		AF57BCA52B73BA1800B03F9E /* XCTestCase+FailableInsertFeedStoreSpecs.swift */ = {isa = PBXFileReference; fileEncoding = 4; lastKnownFileType = sourcecode.swift; name = "XCTestCase+FailableInsertFeedStoreSpecs.swift"; path = "../../../../EssentialFeedTests/Feed Cache/FeedStoreSpecs/XCTestCase+FailableInsertFeedStoreSpecs.swift"; sourceTree = "<group>"; };
		AF57BCA62B73BA1800B03F9E /* XCTestCase+FailableRetrieveFeedStoreSpecs.swift */ = {isa = PBXFileReference; fileEncoding = 4; lastKnownFileType = sourcecode.swift; name = "XCTestCase+FailableRetrieveFeedStoreSpecs.swift"; path = "../../../../EssentialFeedTests/Feed Cache/FeedStoreSpecs/XCTestCase+FailableRetrieveFeedStoreSpecs.swift"; sourceTree = "<group>"; };
		AF57BCA72B73BA1800B03F9E /* XCTestCase+FeedStoreSpecs.swift */ = {isa = PBXFileReference; fileEncoding = 4; lastKnownFileType = sourcecode.swift; name = "XCTestCase+FeedStoreSpecs.swift"; path = "../../../../EssentialFeedTests/Feed Cache/FeedStoreSpecs/XCTestCase+FeedStoreSpecs.swift"; sourceTree = "<group>"; };
		AF57BCA82B73BA1800B03F9E /* XCTestCase+FailableDeleteFeedStoreSpecs.swift */ = {isa = PBXFileReference; fileEncoding = 4; lastKnownFileType = sourcecode.swift; name = "XCTestCase+FailableDeleteFeedStoreSpecs.swift"; path = "../../../../EssentialFeedTests/Feed Cache/FeedStoreSpecs/XCTestCase+FailableDeleteFeedStoreSpecs.swift"; sourceTree = "<group>"; };
		AF57BCA92B73BA1800B03F9E /* FeedStoreSepcs.swift */ = {isa = PBXFileReference; fileEncoding = 4; lastKnownFileType = sourcecode.swift; name = FeedStoreSepcs.swift; path = "../../../../EssentialFeedTests/Feed Cache/FeedStoreSpecs/FeedStoreSepcs.swift"; sourceTree = "<group>"; };
		AF57BCB02B73BA2F00B03F9E /* FeedCacheTestHelpers.swift */ = {isa = PBXFileReference; fileEncoding = 4; lastKnownFileType = sourcecode.swift; name = FeedCacheTestHelpers.swift; path = "../../../../EssentialFeedTests/Feed Cache/Helpers/FeedCacheTestHelpers.swift"; sourceTree = "<group>"; };
		AF57BCB92B73C60700B03F9E /* EssentialFeedAPIEndToEndTests.xctestplan */ = {isa = PBXFileReference; lastKnownFileType = text; name = EssentialFeedAPIEndToEndTests.xctestplan; path = ../EssentialFeedAPIEndToEndTests.xctestplan; sourceTree = "<group>"; };
		AF57BCC02B7503C400B03F9E /* EssentialFeediOS.framework */ = {isa = PBXFileReference; explicitFileType = wrapper.framework; includeInIndex = 0; path = EssentialFeediOS.framework; sourceTree = BUILT_PRODUCTS_DIR; };
		AF57BCC32B7503C400B03F9E /* EssentialFeediOS.docc */ = {isa = PBXFileReference; lastKnownFileType = folder.documentationcatalog; path = EssentialFeediOS.docc; sourceTree = "<group>"; };
		AF57BCC92B7503C400B03F9E /* EssentialFeediOSTests.xctest */ = {isa = PBXFileReference; explicitFileType = wrapper.cfbundle; includeInIndex = 0; path = EssentialFeediOSTests.xctest; sourceTree = BUILT_PRODUCTS_DIR; };
		AF5F742A2B792F8700230AA5 /* EssentialFeediOS.xctestplan */ = {isa = PBXFileReference; lastKnownFileType = text; name = EssentialFeediOS.xctestplan; path = ../EssentialFeediOS.xctestplan; sourceTree = "<group>"; };
		AF61DBEA2AE0894C00717A7C /* URLSessionHTTPClient.swift */ = {isa = PBXFileReference; lastKnownFileType = sourcecode.swift; path = URLSessionHTTPClient.swift; sourceTree = "<group>"; };
		AF61DBEE2AE08FBE00717A7C /* db.json */ = {isa = PBXFileReference; lastKnownFileType = text.json; path = db.json; sourceTree = "<group>"; };
		AF61DBF42AE0914600717A7C /* EssentialFeedAPIEndToEndTests.xctest */ = {isa = PBXFileReference; explicitFileType = wrapper.cfbundle; includeInIndex = 0; path = EssentialFeedAPIEndToEndTests.xctest; sourceTree = BUILT_PRODUCTS_DIR; };
		AF61DBF62AE0914600717A7C /* EssentialFeedAPIEndToEndTests.swift */ = {isa = PBXFileReference; lastKnownFileType = sourcecode.swift; path = EssentialFeedAPIEndToEndTests.swift; sourceTree = "<group>"; };
		AF68AFEC2AF8366C004E8298 /* RemoteFeedItem.swift */ = {isa = PBXFileReference; lastKnownFileType = sourcecode.swift; path = RemoteFeedItem.swift; sourceTree = "<group>"; };
		AF68AFF02AF84A55004E8298 /* LoadFeedFromCacheUseCaseTests.swift */ = {isa = PBXFileReference; lastKnownFileType = sourcecode.swift; path = LoadFeedFromCacheUseCaseTests.swift; sourceTree = "<group>"; };
		AF68AFF22AF84E02004E8298 /* FeedStoreSpy.swift */ = {isa = PBXFileReference; lastKnownFileType = sourcecode.swift; path = FeedStoreSpy.swift; sourceTree = "<group>"; };
		AF74FF992AD7ED2D00DE2811 /* HTTPClient.swift */ = {isa = PBXFileReference; lastKnownFileType = sourcecode.swift; path = HTTPClient.swift; sourceTree = "<group>"; };
		AF74FF9B2AD7EDBB00DE2811 /* FeedItemsMapper.swift */ = {isa = PBXFileReference; lastKnownFileType = sourcecode.swift; path = FeedItemsMapper.swift; sourceTree = "<group>"; };
		AF74FF9D2AD8207700DE2811 /* URLSessionHTTPClientTests.swift */ = {isa = PBXFileReference; lastKnownFileType = sourcecode.swift; path = URLSessionHTTPClientTests.swift; sourceTree = "<group>"; };
		AFA3853A2AFC319200F59F9B /* SharedTestHelpers.swift */ = {isa = PBXFileReference; lastKnownFileType = sourcecode.swift; path = SharedTestHelpers.swift; sourceTree = "<group>"; };
		AFD0DC9B2B77D9EA00A12387 /* UIView+Shimmering.swift */ = {isa = PBXFileReference; lastKnownFileType = sourcecode.swift; path = "UIView+Shimmering.swift"; sourceTree = "<group>"; };
		AFD2A11C2B7E345E0060A934 /* FeedImagePresenter.swift */ = {isa = PBXFileReference; lastKnownFileType = sourcecode.swift; path = FeedImagePresenter.swift; sourceTree = "<group>"; };
		AFDBBD832B656C3700F75F81 /* EssentialFeedCacheIntegrationTests.xctest */ = {isa = PBXFileReference; explicitFileType = wrapper.cfbundle; includeInIndex = 0; path = EssentialFeedCacheIntegrationTests.xctest; sourceTree = BUILT_PRODUCTS_DIR; };
		AFDC137D2B7F9A1000F85330 /* FeedLoadingViewModel.swift */ = {isa = PBXFileReference; lastKnownFileType = sourcecode.swift; path = FeedLoadingViewModel.swift; sourceTree = "<group>"; };
		AFDC137F2B7F9A4700F85330 /* FeedViewModel.swift */ = {isa = PBXFileReference; lastKnownFileType = sourcecode.swift; path = FeedViewModel.swift; sourceTree = "<group>"; };
		AFF63FAD2AE06E9100B18C48 /* XCTestCase+MemoryLeakTrackingHelper.swift */ = {isa = PBXFileReference; lastKnownFileType = sourcecode.swift; path = "XCTestCase+MemoryLeakTrackingHelper.swift"; sourceTree = "<group>"; };
		AFF823EE2B793BF40047A364 /* FeedImageDataLoader.swift */ = {isa = PBXFileReference; lastKnownFileType = sourcecode.swift; path = FeedImageDataLoader.swift; sourceTree = "<group>"; };
		AFF823F32B793E3C0047A364 /* FeedRefreshViewController.swift */ = {isa = PBXFileReference; lastKnownFileType = sourcecode.swift; path = FeedRefreshViewController.swift; sourceTree = "<group>"; };
		AFF823F52B7942620047A364 /* FeedImageCellController.swift */ = {isa = PBXFileReference; lastKnownFileType = sourcecode.swift; path = FeedImageCellController.swift; sourceTree = "<group>"; };
		AFF823F82B7976FE0047A364 /* FeedUIComposer.swift */ = {isa = PBXFileReference; lastKnownFileType = sourcecode.swift; path = FeedUIComposer.swift; sourceTree = "<group>"; };
		AFF823FD2B7986940047A364 /* FeedImageViewModel.swift */ = {isa = PBXFileReference; lastKnownFileType = sourcecode.swift; path = FeedImageViewModel.swift; sourceTree = "<group>"; };
		AFF824002B798F070047A364 /* FeedPresenter.swift */ = {isa = PBXFileReference; lastKnownFileType = sourcecode.swift; path = FeedPresenter.swift; sourceTree = "<group>"; };
		AFFD51612B7509CE0087B77C /* CI_iOS.xctestplan */ = {isa = PBXFileReference; lastKnownFileType = text; name = CI_iOS.xctestplan; path = ../CI_iOS.xctestplan; sourceTree = "<group>"; };
		AFFD51622B7513920087B77C /* FeedViewControllerTests.swift */ = {isa = PBXFileReference; lastKnownFileType = sourcecode.swift; path = FeedViewControllerTests.swift; sourceTree = "<group>"; };
		AFFD516C2B7523750087B77C /* FeedViewController.swift */ = {isa = PBXFileReference; lastKnownFileType = sourcecode.swift; path = FeedViewController.swift; sourceTree = "<group>"; };
		AFFD516F2B7534980087B77C /* FeedImageCell.swift */ = {isa = PBXFileReference; lastKnownFileType = sourcecode.swift; path = FeedImageCell.swift; sourceTree = "<group>"; };
/* End PBXFileReference section */

/* Begin PBXFrameworksBuildPhase section */
		A119528027BEE72A008C6645 /* Frameworks */ = {
			isa = PBXFrameworksBuildPhase;
			buildActionMask = 2147483647;
			files = (
			);
			runOnlyForDeploymentPostprocessing = 0;
		};
		A119528A27BEE72A008C6645 /* Frameworks */ = {
			isa = PBXFrameworksBuildPhase;
			buildActionMask = 2147483647;
			files = (
				A119528E27BEE72A008C6645 /* EssentialFeed.framework in Frameworks */,
			);
			runOnlyForDeploymentPostprocessing = 0;
		};
		AF57BCBD2B7503C400B03F9E /* Frameworks */ = {
			isa = PBXFrameworksBuildPhase;
			buildActionMask = 2147483647;
			files = (
				AFFD51662B7516B60087B77C /* EssentialFeed.framework in Frameworks */,
			);
			runOnlyForDeploymentPostprocessing = 0;
		};
		AF57BCC62B7503C400B03F9E /* Frameworks */ = {
			isa = PBXFrameworksBuildPhase;
			buildActionMask = 2147483647;
			files = (
				AF57BCCA2B7503C400B03F9E /* EssentialFeediOS.framework in Frameworks */,
			);
			runOnlyForDeploymentPostprocessing = 0;
		};
		AF61DBF12AE0914600717A7C /* Frameworks */ = {
			isa = PBXFrameworksBuildPhase;
			buildActionMask = 2147483647;
			files = (
				AF61DBF82AE0914600717A7C /* EssentialFeed.framework in Frameworks */,
			);
			runOnlyForDeploymentPostprocessing = 0;
		};
		AFDBBD802B656C3700F75F81 /* Frameworks */ = {
			isa = PBXFrameworksBuildPhase;
			buildActionMask = 2147483647;
			files = (
				AFDBBD872B656C3700F75F81 /* EssentialFeed.framework in Frameworks */,
			);
			runOnlyForDeploymentPostprocessing = 0;
		};
/* End PBXFrameworksBuildPhase section */

/* Begin PBXGroup section */
		A119527927BEE729008C6645 = {
			isa = PBXGroup;
			children = (
				AF5F742A2B792F8700230AA5 /* EssentialFeediOS.xctestplan */,
				AFFD51612B7509CE0087B77C /* CI_iOS.xctestplan */,
				AF57BC7C2B73B7F600B03F9E /* CI_macOS.xctestplan */,
				AF57BCB92B73C60700B03F9E /* EssentialFeedAPIEndToEndTests.xctestplan */,
				AF61DBEE2AE08FBE00717A7C /* db.json */,
				A119528527BEE72A008C6645 /* EssentialFeed */,
				A119529127BEE72A008C6645 /* EssentialFeedTests */,
				AF61DBF52AE0914600717A7C /* EssentialFeedAPIEndToEndTests */,
				AF57BC842B73B83700B03F9E /* EssentialFeedCacheIntegrationTests */,
				AF57BCC12B7503C400B03F9E /* EssentialFeediOS */,
				AF57BCCD2B7503C400B03F9E /* EssentialFeediOSTests */,
				A119528427BEE72A008C6645 /* Products */,
				AFFD51652B7516B60087B77C /* Frameworks */,
			);
			sourceTree = "<group>";
		};
		A119528427BEE72A008C6645 /* Products */ = {
			isa = PBXGroup;
			children = (
				A119528327BEE72A008C6645 /* EssentialFeed.framework */,
				A119528D27BEE72A008C6645 /* EssentialFeedTests.xctest */,
				AF61DBF42AE0914600717A7C /* EssentialFeedAPIEndToEndTests.xctest */,
				AFDBBD832B656C3700F75F81 /* EssentialFeedCacheIntegrationTests.xctest */,
				AF57BCC02B7503C400B03F9E /* EssentialFeediOS.framework */,
				AF57BCC92B7503C400B03F9E /* EssentialFeediOSTests.xctest */,
			);
			name = Products;
			sourceTree = "<group>";
		};
		A119528527BEE72A008C6645 /* EssentialFeed */ = {
			isa = PBXGroup;
			children = (
				AF57BC852B73B84D00B03F9E /* Feed Cache */,
				AF3F4D682AD31673001BD106 /* Feed API */,
				AF3F4D652AD30A7E001BD106 /* Feed Feature */,
				A119528727BEE72A008C6645 /* EssentialFeed.docc */,
			);
			path = EssentialFeed;
			sourceTree = "<group>";
		};
		A119529127BEE72A008C6645 /* EssentialFeedTests */ = {
			isa = PBXGroup;
			children = (
				AF57BC9A2B73B92100B03F9E /* Feed Cache */,
				AFF63FAF2AE06FBC00B18C48 /* Feed API */,
				AFF63FAC2AE06E6800B18C48 /* Helpers */,
			);
			path = EssentialFeedTests;
			sourceTree = "<group>";
		};
		AF3F4D652AD30A7E001BD106 /* Feed Feature */ = {
			isa = PBXGroup;
			children = (
				AF3F4D612AD2F1DB001BD106 /* FeedImage.swift */,
				AF3F4D632AD2F31C001BD106 /* FeedLoader.swift */,
			);
			path = "Feed Feature";
			sourceTree = "<group>";
		};
		AF3F4D682AD31673001BD106 /* Feed API */ = {
			isa = PBXGroup;
			children = (
				AF3F4D692AD31682001BD106 /* RemoteFeedLoader.swift */,
				AF74FF992AD7ED2D00DE2811 /* HTTPClient.swift */,
				AF74FF9B2AD7EDBB00DE2811 /* FeedItemsMapper.swift */,
				AF61DBEA2AE0894C00717A7C /* URLSessionHTTPClient.swift */,
				AF68AFEC2AF8366C004E8298 /* RemoteFeedItem.swift */,
			);
			path = "Feed API";
			sourceTree = "<group>";
		};
		AF57BC842B73B83700B03F9E /* EssentialFeedCacheIntegrationTests */ = {
			isa = PBXGroup;
			children = (
				AF57BC9C2B73B96500B03F9E /* EssentialFeedCacheIntegrationTests.swift */,
			);
			name = EssentialFeedCacheIntegrationTests;
			path = "/Users/nicolo/Documents/Courses/Essential Developer/EssentialFeed/EssentialFeed/EssentialFeedCacheIntegrationTests";
			sourceTree = "<absolute>";
		};
		AF57BC852B73B84D00B03F9E /* Feed Cache */ = {
			isa = PBXGroup;
			children = (
				AF57BC862B73B85500B03F9E /* Infrastructure */,
				AF57BC882B73B87700B03F9E /* FeedCachePolicy.swift */,
				AF57BC8A2B73B87700B03F9E /* FeedStore.swift */,
				AF57BC872B73B87700B03F9E /* LocalFeedImage.swift */,
				AF57BC892B73B87700B03F9E /* LocalFeedLoader.swift */,
			);
			path = "Feed Cache";
			sourceTree = "<group>";
		};
		AF57BC862B73B85500B03F9E /* Infrastructure */ = {
			isa = PBXGroup;
			children = (
				AF57BC932B73B88800B03F9E /* FeedStore.xcdatamodeld */,
				AF57BC8F2B73B88800B03F9E /* CoreDataFeedStore.swift */,
				AF57BC922B73B88800B03F9E /* CoreDataHelpers.swift */,
				AF57BC912B73B88800B03F9E /* ManagedCache.swift */,
				AF57BC902B73B88800B03F9E /* ManagedFeedImage.swift */,
			);
			path = Infrastructure;
			sourceTree = "<group>";
		};
		AF57BC9A2B73B92100B03F9E /* Feed Cache */ = {
			isa = PBXGroup;
			children = (
				AF57BCAF2B73BA2500B03F9E /* Helpers */,
				AF57BCA42B73BA1100B03F9E /* FeedStoreSpecs */,
				AF57BC9F2B73BA0400B03F9E /* CacheFeedUseCaseTests.swift */,
				AF57BC9E2B73BA0400B03F9E /* CoreDataFeedStoreTests.swift */,
				AF57BCA02B73BA0400B03F9E /* ValidateFeedCacheUseCaseTests.swift */,
			);
			path = "Feed Cache";
			sourceTree = "<group>";
		};
		AF57BCA42B73BA1100B03F9E /* FeedStoreSpecs */ = {
			isa = PBXGroup;
			children = (
				AF57BCA92B73BA1800B03F9E /* FeedStoreSepcs.swift */,
				AF57BCA82B73BA1800B03F9E /* XCTestCase+FailableDeleteFeedStoreSpecs.swift */,
				AF57BCA52B73BA1800B03F9E /* XCTestCase+FailableInsertFeedStoreSpecs.swift */,
				AF57BCA62B73BA1800B03F9E /* XCTestCase+FailableRetrieveFeedStoreSpecs.swift */,
				AF57BCA72B73BA1800B03F9E /* XCTestCase+FeedStoreSpecs.swift */,
			);
			path = FeedStoreSpecs;
			sourceTree = "<group>";
		};
		AF57BCAF2B73BA2500B03F9E /* Helpers */ = {
			isa = PBXGroup;
			children = (
				AF57BCB02B73BA2F00B03F9E /* FeedCacheTestHelpers.swift */,
			);
			path = Helpers;
			sourceTree = "<group>";
		};
		AF57BCC12B7503C400B03F9E /* EssentialFeediOS */ = {
			isa = PBXGroup;
			children = (
				AFF823FF2B798E660047A364 /* Feed Presentation */,
				AF57BCC32B7503C400B03F9E /* EssentialFeediOS.docc */,
				AFF823ED2B793BD90047A364 /* Feed Image Loader */,
				AFF823F02B793C150047A364 /* Feed UI */,
			);
			path = EssentialFeediOS;
			sourceTree = "<group>";
		};
		AF57BCCD2B7503C400B03F9E /* EssentialFeediOSTests */ = {
			isa = PBXGroup;
			children = (
				AFFD51622B7513920087B77C /* FeedViewControllerTests.swift */,
			);
			path = EssentialFeediOSTests;
			sourceTree = "<group>";
		};
		AF61DBF52AE0914600717A7C /* EssentialFeedAPIEndToEndTests */ = {
			isa = PBXGroup;
			children = (
				AF61DBF62AE0914600717A7C /* EssentialFeedAPIEndToEndTests.swift */,
			);
			path = EssentialFeedAPIEndToEndTests;
			sourceTree = "<group>";
		};
		AFF63FAC2AE06E6800B18C48 /* Helpers */ = {
			isa = PBXGroup;
			children = (
				AFF63FAD2AE06E9100B18C48 /* XCTestCase+MemoryLeakTrackingHelper.swift */,
				AF68AFF22AF84E02004E8298 /* FeedStoreSpy.swift */,
				AFA3853A2AFC319200F59F9B /* SharedTestHelpers.swift */,
			);
			path = Helpers;
			sourceTree = "<group>";
		};
		AFF63FAF2AE06FBC00B18C48 /* Feed API */ = {
			isa = PBXGroup;
			children = (
				AF3F4D662AD30CC5001BD106 /* LoadFeedFromRemoteUseCaseTests.swift */,
				AF68AFF02AF84A55004E8298 /* LoadFeedFromCacheUseCaseTests.swift */,
				AF74FF9D2AD8207700DE2811 /* URLSessionHTTPClientTests.swift */,
			);
			path = "Feed API";
			sourceTree = "<group>";
		};
		AFF823ED2B793BD90047A364 /* Feed Image Loader */ = {
			isa = PBXGroup;
			children = (
				AFF823EE2B793BF40047A364 /* FeedImageDataLoader.swift */,
			);
			path = "Feed Image Loader";
			sourceTree = "<group>";
		};
		AFF823F02B793C150047A364 /* Feed UI */ = {
			isa = PBXGroup;
			children = (
				AFF823F72B7976F80047A364 /* Composers */,
				AFF823F22B793C370047A364 /* Controllers */,
				AFF823F12B793C250047A364 /* VIews */,
			);
			path = "Feed UI";
			sourceTree = "<group>";
		};
		AFF823F12B793C250047A364 /* VIews */ = {
			isa = PBXGroup;
			children = (
				AFFD516F2B7534980087B77C /* FeedImageCell.swift */,
				AFD0DC9B2B77D9EA00A12387 /* UIView+Shimmering.swift */,
			);
			path = VIews;
			sourceTree = "<group>";
		};
		AFF823F22B793C370047A364 /* Controllers */ = {
			isa = PBXGroup;
			children = (
				AFFD516C2B7523750087B77C /* FeedViewController.swift */,
				AFF823F32B793E3C0047A364 /* FeedRefreshViewController.swift */,
				AFF823F52B7942620047A364 /* FeedImageCellController.swift */,
			);
			path = Controllers;
			sourceTree = "<group>";
		};
		AFF823F72B7976F80047A364 /* Composers */ = {
			isa = PBXGroup;
			children = (
				AFF823F82B7976FE0047A364 /* FeedUIComposer.swift */,
			);
			name = Composers;
			sourceTree = "<group>";
		};
		AFF823FF2B798E660047A364 /* Feed Presentation */ = {
			isa = PBXGroup;
			children = (
				AFF823FD2B7986940047A364 /* FeedImageViewModel.swift */,
				AFF824002B798F070047A364 /* FeedPresenter.swift */,
				AFD2A11C2B7E345E0060A934 /* FeedImagePresenter.swift */,
				AFDC137D2B7F9A1000F85330 /* FeedLoadingViewModel.swift */,
				AFDC137F2B7F9A4700F85330 /* FeedViewModel.swift */,
			);
			path = "Feed Presentation";
			sourceTree = "<group>";
		};
		AFFD51652B7516B60087B77C /* Frameworks */ = {
			isa = PBXGroup;
			children = (
			);
			name = Frameworks;
			sourceTree = "<group>";
		};
/* End PBXGroup section */

/* Begin PBXHeadersBuildPhase section */
		A119527E27BEE72A008C6645 /* Headers */ = {
			isa = PBXHeadersBuildPhase;
			buildActionMask = 2147483647;
			files = (
			);
			runOnlyForDeploymentPostprocessing = 0;
		};
		AF57BCBB2B7503C400B03F9E /* Headers */ = {
			isa = PBXHeadersBuildPhase;
			buildActionMask = 2147483647;
			files = (
			);
			runOnlyForDeploymentPostprocessing = 0;
		};
/* End PBXHeadersBuildPhase section */

/* Begin PBXNativeTarget section */
		A119528227BEE72A008C6645 /* EssentialFeed */ = {
			isa = PBXNativeTarget;
			buildConfigurationList = A119529727BEE72A008C6645 /* Build configuration list for PBXNativeTarget "EssentialFeed" */;
			buildPhases = (
				A119527E27BEE72A008C6645 /* Headers */,
				A119527F27BEE72A008C6645 /* Sources */,
				A119528027BEE72A008C6645 /* Frameworks */,
				A119528127BEE72A008C6645 /* Resources */,
			);
			buildRules = (
			);
			dependencies = (
			);
			name = EssentialFeed;
			productName = EssentialFeed;
			productReference = A119528327BEE72A008C6645 /* EssentialFeed.framework */;
			productType = "com.apple.product-type.framework";
		};
		A119528C27BEE72A008C6645 /* EssentialFeedTests */ = {
			isa = PBXNativeTarget;
			buildConfigurationList = A119529A27BEE72A008C6645 /* Build configuration list for PBXNativeTarget "EssentialFeedTests" */;
			buildPhases = (
				A119528927BEE72A008C6645 /* Sources */,
				A119528A27BEE72A008C6645 /* Frameworks */,
				A119528B27BEE72A008C6645 /* Resources */,
			);
			buildRules = (
			);
			dependencies = (
				A119529027BEE72A008C6645 /* PBXTargetDependency */,
			);
			name = EssentialFeedTests;
			productName = EssentialFeedTests;
			productReference = A119528D27BEE72A008C6645 /* EssentialFeedTests.xctest */;
			productType = "com.apple.product-type.bundle.unit-test";
		};
		AF57BCBF2B7503C400B03F9E /* EssentialFeediOS */ = {
			isa = PBXNativeTarget;
			buildConfigurationList = AF57BCD12B7503C400B03F9E /* Build configuration list for PBXNativeTarget "EssentialFeediOS" */;
			buildPhases = (
				AF57BCBB2B7503C400B03F9E /* Headers */,
				AF57BCBC2B7503C400B03F9E /* Sources */,
				AF57BCBD2B7503C400B03F9E /* Frameworks */,
				AF57BCBE2B7503C400B03F9E /* Resources */,
			);
			buildRules = (
			);
			dependencies = (
				AFFD51692B7516B60087B77C /* PBXTargetDependency */,
			);
			name = EssentialFeediOS;
			productName = EssentialFeediOS;
			productReference = AF57BCC02B7503C400B03F9E /* EssentialFeediOS.framework */;
			productType = "com.apple.product-type.framework";
		};
		AF57BCC82B7503C400B03F9E /* EssentialFeediOSTests */ = {
			isa = PBXNativeTarget;
			buildConfigurationList = AF57BCD42B7503C400B03F9E /* Build configuration list for PBXNativeTarget "EssentialFeediOSTests" */;
			buildPhases = (
				AF57BCC52B7503C400B03F9E /* Sources */,
				AF57BCC62B7503C400B03F9E /* Frameworks */,
				AF57BCC72B7503C400B03F9E /* Resources */,
			);
			buildRules = (
			);
			dependencies = (
				AF57BCCC2B7503C400B03F9E /* PBXTargetDependency */,
			);
			name = EssentialFeediOSTests;
			productName = EssentialFeediOSTests;
			productReference = AF57BCC92B7503C400B03F9E /* EssentialFeediOSTests.xctest */;
			productType = "com.apple.product-type.bundle.unit-test";
		};
		AF61DBF32AE0914600717A7C /* EssentialFeedAPIEndToEndTests */ = {
			isa = PBXNativeTarget;
			buildConfigurationList = AF61DBFB2AE0914600717A7C /* Build configuration list for PBXNativeTarget "EssentialFeedAPIEndToEndTests" */;
			buildPhases = (
				AF61DBF02AE0914600717A7C /* Sources */,
				AF61DBF12AE0914600717A7C /* Frameworks */,
				AF61DBF22AE0914600717A7C /* Resources */,
			);
			buildRules = (
			);
			dependencies = (
				AF61DBFA2AE0914600717A7C /* PBXTargetDependency */,
			);
			name = EssentialFeedAPIEndToEndTests;
			productName = EssentialFeedAPIEndToEndTests;
			productReference = AF61DBF42AE0914600717A7C /* EssentialFeedAPIEndToEndTests.xctest */;
			productType = "com.apple.product-type.bundle.unit-test";
		};
		AFDBBD822B656C3700F75F81 /* EssentialFeedCacheIntegrationTests */ = {
			isa = PBXNativeTarget;
			buildConfigurationList = AFDBBD8A2B656C3700F75F81 /* Build configuration list for PBXNativeTarget "EssentialFeedCacheIntegrationTests" */;
			buildPhases = (
				AFDBBD7F2B656C3700F75F81 /* Sources */,
				AFDBBD802B656C3700F75F81 /* Frameworks */,
				AFDBBD812B656C3700F75F81 /* Resources */,
			);
			buildRules = (
			);
			dependencies = (
				AFDBBD892B656C3700F75F81 /* PBXTargetDependency */,
			);
			name = EssentialFeedCacheIntegrationTests;
			productName = EssentialFeedCacheIntegrationTests;
			productReference = AFDBBD832B656C3700F75F81 /* EssentialFeedCacheIntegrationTests.xctest */;
			productType = "com.apple.product-type.bundle.unit-test";
		};
/* End PBXNativeTarget section */

/* Begin PBXProject section */
		A119527A27BEE72A008C6645 /* Project object */ = {
			isa = PBXProject;
			attributes = {
				BuildIndependentTargetsInParallel = 1;
				LastSwiftUpdateCheck = 1430;
				LastUpgradeCheck = 1430;
				TargetAttributes = {
					A119528227BEE72A008C6645 = {
						CreatedOnToolsVersion = 13.2.1;
					};
					A119528C27BEE72A008C6645 = {
						CreatedOnToolsVersion = 13.2.1;
					};
					AF57BCBF2B7503C400B03F9E = {
						CreatedOnToolsVersion = 14.3.1;
					};
					AF57BCC82B7503C400B03F9E = {
						CreatedOnToolsVersion = 14.3.1;
						LastSwiftMigration = 1430;
					};
					AF61DBF32AE0914600717A7C = {
						CreatedOnToolsVersion = 14.3.1;
					};
					AFDBBD822B656C3700F75F81 = {
						CreatedOnToolsVersion = 14.3.1;
					};
				};
			};
			buildConfigurationList = A119527D27BEE72A008C6645 /* Build configuration list for PBXProject "EssentialFeed" */;
			compatibilityVersion = "Xcode 13.0";
			developmentRegion = en;
			hasScannedForEncodings = 0;
			knownRegions = (
				en,
				Base,
			);
			mainGroup = A119527927BEE729008C6645;
			productRefGroup = A119528427BEE72A008C6645 /* Products */;
			projectDirPath = "";
			projectRoot = "";
			targets = (
				A119528227BEE72A008C6645 /* EssentialFeed */,
				A119528C27BEE72A008C6645 /* EssentialFeedTests */,
				AF61DBF32AE0914600717A7C /* EssentialFeedAPIEndToEndTests */,
				AFDBBD822B656C3700F75F81 /* EssentialFeedCacheIntegrationTests */,
				AF57BCBF2B7503C400B03F9E /* EssentialFeediOS */,
				AF57BCC82B7503C400B03F9E /* EssentialFeediOSTests */,
			);
		};
/* End PBXProject section */

/* Begin PBXResourcesBuildPhase section */
		A119528127BEE72A008C6645 /* Resources */ = {
			isa = PBXResourcesBuildPhase;
			buildActionMask = 2147483647;
			files = (
				AF61DBEF2AE08FBE00717A7C /* db.json in Resources */,
				AF57BC7D2B73B7F600B03F9E /* CI_macOS.xctestplan in Resources */,
			);
			runOnlyForDeploymentPostprocessing = 0;
		};
		A119528B27BEE72A008C6645 /* Resources */ = {
			isa = PBXResourcesBuildPhase;
			buildActionMask = 2147483647;
			files = (
			);
			runOnlyForDeploymentPostprocessing = 0;
		};
		AF57BCBE2B7503C400B03F9E /* Resources */ = {
			isa = PBXResourcesBuildPhase;
			buildActionMask = 2147483647;
			files = (
			);
			runOnlyForDeploymentPostprocessing = 0;
		};
		AF57BCC72B7503C400B03F9E /* Resources */ = {
			isa = PBXResourcesBuildPhase;
			buildActionMask = 2147483647;
			files = (
			);
			runOnlyForDeploymentPostprocessing = 0;
		};
		AF61DBF22AE0914600717A7C /* Resources */ = {
			isa = PBXResourcesBuildPhase;
			buildActionMask = 2147483647;
			files = (
			);
			runOnlyForDeploymentPostprocessing = 0;
		};
		AFDBBD812B656C3700F75F81 /* Resources */ = {
			isa = PBXResourcesBuildPhase;
			buildActionMask = 2147483647;
			files = (
			);
			runOnlyForDeploymentPostprocessing = 0;
		};
/* End PBXResourcesBuildPhase section */

/* Begin PBXSourcesBuildPhase section */
		A119527F27BEE72A008C6645 /* Sources */ = {
			isa = PBXSourcesBuildPhase;
			buildActionMask = 2147483647;
			files = (
				AF57BC972B73B88800B03F9E /* ManagedCache.swift in Sources */,
				AF61DBEB2AE0894C00717A7C /* URLSessionHTTPClient.swift in Sources */,
				AF3F4D6A2AD31682001BD106 /* RemoteFeedLoader.swift in Sources */,
				AF57BC8C2B73B87700B03F9E /* FeedCachePolicy.swift in Sources */,
				AF57BC8E2B73B87700B03F9E /* FeedStore.swift in Sources */,
				AF57BC8B2B73B87700B03F9E /* LocalFeedImage.swift in Sources */,
				AF57BC992B73B88800B03F9E /* FeedStore.xcdatamodeld in Sources */,
				AF57BC982B73B88800B03F9E /* CoreDataHelpers.swift in Sources */,
				AF74FF9A2AD7ED2D00DE2811 /* HTTPClient.swift in Sources */,
				AF3F4D642AD2F31C001BD106 /* FeedLoader.swift in Sources */,
				AF74FF9C2AD7EDBB00DE2811 /* FeedItemsMapper.swift in Sources */,
				AF57BC8D2B73B87700B03F9E /* LocalFeedLoader.swift in Sources */,
				AF68AFED2AF8366C004E8298 /* RemoteFeedItem.swift in Sources */,
				AF3F4D622AD2F1DB001BD106 /* FeedImage.swift in Sources */,
				AF57BC962B73B88800B03F9E /* ManagedFeedImage.swift in Sources */,
				A119528827BEE72A008C6645 /* EssentialFeed.docc in Sources */,
				AF57BC952B73B88800B03F9E /* CoreDataFeedStore.swift in Sources */,
			);
			runOnlyForDeploymentPostprocessing = 0;
		};
		A119528927BEE72A008C6645 /* Sources */ = {
			isa = PBXSourcesBuildPhase;
			buildActionMask = 2147483647;
			files = (
				AF3F4D672AD30CC5001BD106 /* LoadFeedFromRemoteUseCaseTests.swift in Sources */,
				AF57BCAD2B73BA1800B03F9E /* XCTestCase+FailableDeleteFeedStoreSpecs.swift in Sources */,
				AF57BCA32B73BA0400B03F9E /* ValidateFeedCacheUseCaseTests.swift in Sources */,
				AFF63FAE2AE06E9100B18C48 /* XCTestCase+MemoryLeakTrackingHelper.swift in Sources */,
				AF57BCA22B73BA0400B03F9E /* CacheFeedUseCaseTests.swift in Sources */,
				AF57BCAA2B73BA1800B03F9E /* XCTestCase+FailableInsertFeedStoreSpecs.swift in Sources */,
				AF68AFF32AF84E03004E8298 /* FeedStoreSpy.swift in Sources */,
				AFA3853B2AFC319200F59F9B /* SharedTestHelpers.swift in Sources */,
				AF57BCAE2B73BA1800B03F9E /* FeedStoreSepcs.swift in Sources */,
				AF68AFF12AF84A55004E8298 /* LoadFeedFromCacheUseCaseTests.swift in Sources */,
				AF74FF9E2AD8207700DE2811 /* URLSessionHTTPClientTests.swift in Sources */,
				AF57BCAB2B73BA1800B03F9E /* XCTestCase+FailableRetrieveFeedStoreSpecs.swift in Sources */,
				AF57BCA12B73BA0400B03F9E /* CoreDataFeedStoreTests.swift in Sources */,
				AF57BCB12B73BA2F00B03F9E /* FeedCacheTestHelpers.swift in Sources */,
				AF57BCAC2B73BA1800B03F9E /* XCTestCase+FeedStoreSpecs.swift in Sources */,
			);
			runOnlyForDeploymentPostprocessing = 0;
		};
		AF57BCBC2B7503C400B03F9E /* Sources */ = {
			isa = PBXSourcesBuildPhase;
			buildActionMask = 2147483647;
			files = (
				AFF823EF2B793BF40047A364 /* FeedImageDataLoader.swift in Sources */,
				AFF823F92B7976FF0047A364 /* FeedUIComposer.swift in Sources */,
				AFFD516D2B7523750087B77C /* FeedViewController.swift in Sources */,
				AFF823F42B793E3C0047A364 /* FeedRefreshViewController.swift in Sources */,
				AFF823FE2B7986940047A364 /* FeedImageViewModel.swift in Sources */,
				AFF823F62B7942620047A364 /* FeedImageCellController.swift in Sources */,
				AFD2A11D2B7E345E0060A934 /* FeedImagePresenter.swift in Sources */,
				AFDC137E2B7F9A1000F85330 /* FeedLoadingViewModel.swift in Sources */,
				AFD0DC9C2B77D9EA00A12387 /* UIView+Shimmering.swift in Sources */,
				AFFD51702B7534980087B77C /* FeedImageCell.swift in Sources */,
				AF57BCC42B7503C400B03F9E /* EssentialFeediOS.docc in Sources */,
				AFF824012B798F070047A364 /* FeedPresenter.swift in Sources */,
				AFDC13802B7F9A4700F85330 /* FeedViewModel.swift in Sources */,
			);
			runOnlyForDeploymentPostprocessing = 0;
		};
		AF57BCC52B7503C400B03F9E /* Sources */ = {
			isa = PBXSourcesBuildPhase;
			buildActionMask = 2147483647;
			files = (
				AFFD51642B7513920087B77C /* FeedViewControllerTests.swift in Sources */,
				AFFD516B2B7518530087B77C /* XCTestCase+MemoryLeakTrackingHelper.swift in Sources */,
			);
			runOnlyForDeploymentPostprocessing = 0;
		};
		AF61DBF02AE0914600717A7C /* Sources */ = {
			isa = PBXSourcesBuildPhase;
			buildActionMask = 2147483647;
			files = (
				AF61DBF72AE0914600717A7C /* EssentialFeedAPIEndToEndTests.swift in Sources */,
				AF61DBFE2AE0981F00717A7C /* XCTestCase+MemoryLeakTrackingHelper.swift in Sources */,
				AFA3853C2AFC322F00F59F9B /* SharedTestHelpers.swift in Sources */,
			);
			runOnlyForDeploymentPostprocessing = 0;
		};
		AFDBBD7F2B656C3700F75F81 /* Sources */ = {
			isa = PBXSourcesBuildPhase;
			buildActionMask = 2147483647;
			files = (
				AF57BCBA2B75023600B03F9E /* FeedCacheTestHelpers.swift in Sources */,
				AF57BC9D2B73B96D00B03F9E /* EssentialFeedCacheIntegrationTests.swift in Sources */,
				AFDBBD8F2B65825E00F75F81 /* SharedTestHelpers.swift in Sources */,
				AFDBBD8D2B657E3B00F75F81 /* XCTestCase+MemoryLeakTrackingHelper.swift in Sources */,
			);
			runOnlyForDeploymentPostprocessing = 0;
		};
/* End PBXSourcesBuildPhase section */

/* Begin PBXTargetDependency section */
		A119529027BEE72A008C6645 /* PBXTargetDependency */ = {
			isa = PBXTargetDependency;
			target = A119528227BEE72A008C6645 /* EssentialFeed */;
			targetProxy = A119528F27BEE72A008C6645 /* PBXContainerItemProxy */;
		};
		AF57BCCC2B7503C400B03F9E /* PBXTargetDependency */ = {
			isa = PBXTargetDependency;
			target = AF57BCBF2B7503C400B03F9E /* EssentialFeediOS */;
			targetProxy = AF57BCCB2B7503C400B03F9E /* PBXContainerItemProxy */;
		};
		AF61DBFA2AE0914600717A7C /* PBXTargetDependency */ = {
			isa = PBXTargetDependency;
			target = A119528227BEE72A008C6645 /* EssentialFeed */;
			targetProxy = AF61DBF92AE0914600717A7C /* PBXContainerItemProxy */;
		};
		AFDBBD892B656C3700F75F81 /* PBXTargetDependency */ = {
			isa = PBXTargetDependency;
			target = A119528227BEE72A008C6645 /* EssentialFeed */;
			targetProxy = AFDBBD882B656C3700F75F81 /* PBXContainerItemProxy */;
		};
		AFFD51692B7516B60087B77C /* PBXTargetDependency */ = {
			isa = PBXTargetDependency;
			target = A119528227BEE72A008C6645 /* EssentialFeed */;
			targetProxy = AFFD51682B7516B60087B77C /* PBXContainerItemProxy */;
		};
/* End PBXTargetDependency section */

/* Begin XCBuildConfiguration section */
		A119529527BEE72A008C6645 /* Debug */ = {
			isa = XCBuildConfiguration;
			buildSettings = {
				ALWAYS_SEARCH_USER_PATHS = NO;
				CLANG_ANALYZER_NONNULL = YES;
				CLANG_ANALYZER_NUMBER_OBJECT_CONVERSION = YES_AGGRESSIVE;
				CLANG_CXX_LANGUAGE_STANDARD = "gnu++17";
				CLANG_CXX_LIBRARY = "libc++";
				CLANG_ENABLE_MODULES = YES;
				CLANG_ENABLE_OBJC_ARC = YES;
				CLANG_ENABLE_OBJC_WEAK = YES;
				CLANG_WARN_BLOCK_CAPTURE_AUTORELEASING = YES;
				CLANG_WARN_BOOL_CONVERSION = YES;
				CLANG_WARN_COMMA = YES;
				CLANG_WARN_CONSTANT_CONVERSION = YES;
				CLANG_WARN_DEPRECATED_OBJC_IMPLEMENTATIONS = YES;
				CLANG_WARN_DIRECT_OBJC_ISA_USAGE = YES_ERROR;
				CLANG_WARN_DOCUMENTATION_COMMENTS = YES;
				CLANG_WARN_EMPTY_BODY = YES;
				CLANG_WARN_ENUM_CONVERSION = YES;
				CLANG_WARN_INFINITE_RECURSION = YES;
				CLANG_WARN_INT_CONVERSION = YES;
				CLANG_WARN_NON_LITERAL_NULL_CONVERSION = YES;
				CLANG_WARN_OBJC_IMPLICIT_RETAIN_SELF = YES;
				CLANG_WARN_OBJC_LITERAL_CONVERSION = YES;
				CLANG_WARN_OBJC_ROOT_CLASS = YES_ERROR;
				CLANG_WARN_QUOTED_INCLUDE_IN_FRAMEWORK_HEADER = YES;
				CLANG_WARN_RANGE_LOOP_ANALYSIS = YES;
				CLANG_WARN_STRICT_PROTOTYPES = YES;
				CLANG_WARN_SUSPICIOUS_MOVE = YES;
				CLANG_WARN_UNGUARDED_AVAILABILITY = YES_AGGRESSIVE;
				CLANG_WARN_UNREACHABLE_CODE = YES;
				CLANG_WARN__DUPLICATE_METHOD_MATCH = YES;
				COPY_PHASE_STRIP = NO;
				CURRENT_PROJECT_VERSION = 1;
				DEAD_CODE_STRIPPING = YES;
				DEBUG_INFORMATION_FORMAT = dwarf;
				ENABLE_STRICT_OBJC_MSGSEND = YES;
				ENABLE_TESTABILITY = YES;
				GCC_C_LANGUAGE_STANDARD = gnu11;
				GCC_DYNAMIC_NO_PIC = NO;
				GCC_NO_COMMON_BLOCKS = YES;
				GCC_OPTIMIZATION_LEVEL = 0;
				GCC_PREPROCESSOR_DEFINITIONS = (
					"DEBUG=1",
					"$(inherited)",
				);
				GCC_WARN_64_TO_32_BIT_CONVERSION = YES;
				GCC_WARN_ABOUT_RETURN_TYPE = YES_ERROR;
				GCC_WARN_UNDECLARED_SELECTOR = YES;
				GCC_WARN_UNINITIALIZED_AUTOS = YES_AGGRESSIVE;
				GCC_WARN_UNUSED_FUNCTION = YES;
				GCC_WARN_UNUSED_VARIABLE = YES;
				MACOSX_DEPLOYMENT_TARGET = 12.1;
				MTL_ENABLE_DEBUG_INFO = INCLUDE_SOURCE;
				MTL_FAST_MATH = YES;
				ONLY_ACTIVE_ARCH = YES;
				SDKROOT = macosx;
				SWIFT_ACTIVE_COMPILATION_CONDITIONS = DEBUG;
				SWIFT_OPTIMIZATION_LEVEL = "-Onone";
				VERSIONING_SYSTEM = "apple-generic";
				VERSION_INFO_PREFIX = "";
			};
			name = Debug;
		};
		A119529627BEE72A008C6645 /* Release */ = {
			isa = XCBuildConfiguration;
			buildSettings = {
				ALWAYS_SEARCH_USER_PATHS = NO;
				CLANG_ANALYZER_NONNULL = YES;
				CLANG_ANALYZER_NUMBER_OBJECT_CONVERSION = YES_AGGRESSIVE;
				CLANG_CXX_LANGUAGE_STANDARD = "gnu++17";
				CLANG_CXX_LIBRARY = "libc++";
				CLANG_ENABLE_MODULES = YES;
				CLANG_ENABLE_OBJC_ARC = YES;
				CLANG_ENABLE_OBJC_WEAK = YES;
				CLANG_WARN_BLOCK_CAPTURE_AUTORELEASING = YES;
				CLANG_WARN_BOOL_CONVERSION = YES;
				CLANG_WARN_COMMA = YES;
				CLANG_WARN_CONSTANT_CONVERSION = YES;
				CLANG_WARN_DEPRECATED_OBJC_IMPLEMENTATIONS = YES;
				CLANG_WARN_DIRECT_OBJC_ISA_USAGE = YES_ERROR;
				CLANG_WARN_DOCUMENTATION_COMMENTS = YES;
				CLANG_WARN_EMPTY_BODY = YES;
				CLANG_WARN_ENUM_CONVERSION = YES;
				CLANG_WARN_INFINITE_RECURSION = YES;
				CLANG_WARN_INT_CONVERSION = YES;
				CLANG_WARN_NON_LITERAL_NULL_CONVERSION = YES;
				CLANG_WARN_OBJC_IMPLICIT_RETAIN_SELF = YES;
				CLANG_WARN_OBJC_LITERAL_CONVERSION = YES;
				CLANG_WARN_OBJC_ROOT_CLASS = YES_ERROR;
				CLANG_WARN_QUOTED_INCLUDE_IN_FRAMEWORK_HEADER = YES;
				CLANG_WARN_RANGE_LOOP_ANALYSIS = YES;
				CLANG_WARN_STRICT_PROTOTYPES = YES;
				CLANG_WARN_SUSPICIOUS_MOVE = YES;
				CLANG_WARN_UNGUARDED_AVAILABILITY = YES_AGGRESSIVE;
				CLANG_WARN_UNREACHABLE_CODE = YES;
				CLANG_WARN__DUPLICATE_METHOD_MATCH = YES;
				COPY_PHASE_STRIP = NO;
				CURRENT_PROJECT_VERSION = 1;
				DEAD_CODE_STRIPPING = YES;
				DEBUG_INFORMATION_FORMAT = "dwarf-with-dsym";
				ENABLE_NS_ASSERTIONS = NO;
				ENABLE_STRICT_OBJC_MSGSEND = YES;
				GCC_C_LANGUAGE_STANDARD = gnu11;
				GCC_NO_COMMON_BLOCKS = YES;
				GCC_WARN_64_TO_32_BIT_CONVERSION = YES;
				GCC_WARN_ABOUT_RETURN_TYPE = YES_ERROR;
				GCC_WARN_UNDECLARED_SELECTOR = YES;
				GCC_WARN_UNINITIALIZED_AUTOS = YES_AGGRESSIVE;
				GCC_WARN_UNUSED_FUNCTION = YES;
				GCC_WARN_UNUSED_VARIABLE = YES;
				MACOSX_DEPLOYMENT_TARGET = 12.1;
				MTL_ENABLE_DEBUG_INFO = NO;
				MTL_FAST_MATH = YES;
				SDKROOT = macosx;
				SWIFT_COMPILATION_MODE = wholemodule;
				SWIFT_OPTIMIZATION_LEVEL = "-O";
				VERSIONING_SYSTEM = "apple-generic";
				VERSION_INFO_PREFIX = "";
			};
			name = Release;
		};
		A119529827BEE72A008C6645 /* Debug */ = {
			isa = XCBuildConfiguration;
			buildSettings = {
				CODE_SIGN_IDENTITY = "";
				CODE_SIGN_STYLE = Automatic;
				COMBINE_HIDPI_IMAGES = YES;
				CURRENT_PROJECT_VERSION = 1;
				DEAD_CODE_STRIPPING = YES;
				DEFINES_MODULE = YES;
				DEVELOPMENT_TEAM = 59XYW74885;
				DYLIB_COMPATIBILITY_VERSION = 1;
				DYLIB_CURRENT_VERSION = 1;
				DYLIB_INSTALL_NAME_BASE = "@rpath";
				ENABLE_MODULE_VERIFIER = YES;
				GENERATE_INFOPLIST_FILE = YES;
				INFOPLIST_KEY_NSHumanReadableCopyright = "";
				INSTALL_PATH = "$(LOCAL_LIBRARY_DIR)/Frameworks";
				LD_RUNPATH_SEARCH_PATHS = (
					"$(inherited)",
					"@executable_path/../Frameworks",
					"@loader_path/Frameworks",
				);
				MARKETING_VERSION = 1.0;
				MODULE_VERIFIER_SUPPORTED_LANGUAGES = "objective-c objective-c++";
				MODULE_VERIFIER_SUPPORTED_LANGUAGE_STANDARDS = "gnu11 gnu++17";
				PRODUCT_BUNDLE_IDENTIFIER = com.nicolocurioni.EssentialFeed;
				PRODUCT_NAME = "$(TARGET_NAME:c99extidentifier)";
				SKIP_INSTALL = YES;
				SUPPORTED_PLATFORMS = "macosx iphonesimulator iphoneos";
				SWIFT_EMIT_LOC_STRINGS = YES;
				SWIFT_VERSION = 5.0;
			};
			name = Debug;
		};
		A119529927BEE72A008C6645 /* Release */ = {
			isa = XCBuildConfiguration;
			buildSettings = {
				CODE_SIGN_IDENTITY = "";
				CODE_SIGN_STYLE = Automatic;
				COMBINE_HIDPI_IMAGES = YES;
				CURRENT_PROJECT_VERSION = 1;
				DEAD_CODE_STRIPPING = YES;
				DEFINES_MODULE = YES;
				DEVELOPMENT_TEAM = 59XYW74885;
				DYLIB_COMPATIBILITY_VERSION = 1;
				DYLIB_CURRENT_VERSION = 1;
				DYLIB_INSTALL_NAME_BASE = "@rpath";
				ENABLE_MODULE_VERIFIER = YES;
				GENERATE_INFOPLIST_FILE = YES;
				INFOPLIST_KEY_NSHumanReadableCopyright = "";
				INSTALL_PATH = "$(LOCAL_LIBRARY_DIR)/Frameworks";
				LD_RUNPATH_SEARCH_PATHS = (
					"$(inherited)",
					"@executable_path/../Frameworks",
					"@loader_path/Frameworks",
				);
				MARKETING_VERSION = 1.0;
				MODULE_VERIFIER_SUPPORTED_LANGUAGES = "objective-c objective-c++";
				MODULE_VERIFIER_SUPPORTED_LANGUAGE_STANDARDS = "gnu11 gnu++17";
				PRODUCT_BUNDLE_IDENTIFIER = com.nicolocurioni.EssentialFeed;
				PRODUCT_NAME = "$(TARGET_NAME:c99extidentifier)";
				SKIP_INSTALL = YES;
				SUPPORTED_PLATFORMS = "macosx iphonesimulator iphoneos";
				SWIFT_EMIT_LOC_STRINGS = YES;
				SWIFT_VERSION = 5.0;
			};
			name = Release;
		};
		A119529B27BEE72A008C6645 /* Debug */ = {
			isa = XCBuildConfiguration;
			buildSettings = {
				ALWAYS_EMBED_SWIFT_STANDARD_LIBRARIES = YES;
				CODE_SIGN_STYLE = Automatic;
				CURRENT_PROJECT_VERSION = 1;
				DEAD_CODE_STRIPPING = YES;
				DEVELOPMENT_TEAM = 59XYW74885;
				GENERATE_INFOPLIST_FILE = YES;
				MARKETING_VERSION = 1.0;
				PRODUCT_BUNDLE_IDENTIFIER = com.nicolocurioni.EssentialFeedTests;
				PRODUCT_NAME = "$(TARGET_NAME)";
				SUPPORTED_PLATFORMS = "macosx iphonesimulator iphoneos";
				SWIFT_EMIT_LOC_STRINGS = NO;
				SWIFT_VERSION = 5.0;
			};
			name = Debug;
		};
		A119529C27BEE72A008C6645 /* Release */ = {
			isa = XCBuildConfiguration;
			buildSettings = {
				ALWAYS_EMBED_SWIFT_STANDARD_LIBRARIES = YES;
				CODE_SIGN_STYLE = Automatic;
				CURRENT_PROJECT_VERSION = 1;
				DEAD_CODE_STRIPPING = YES;
				DEVELOPMENT_TEAM = 59XYW74885;
				GENERATE_INFOPLIST_FILE = YES;
				MARKETING_VERSION = 1.0;
				PRODUCT_BUNDLE_IDENTIFIER = com.nicolocurioni.EssentialFeedTests;
				PRODUCT_NAME = "$(TARGET_NAME)";
				SUPPORTED_PLATFORMS = "macosx iphonesimulator iphoneos";
				SWIFT_EMIT_LOC_STRINGS = NO;
				SWIFT_VERSION = 5.0;
			};
			name = Release;
		};
		AF57BCD22B7503C400B03F9E /* Debug */ = {
			isa = XCBuildConfiguration;
			buildSettings = {
				CLANG_CXX_LANGUAGE_STANDARD = "gnu++20";
				CODE_SIGN_STYLE = Automatic;
				CURRENT_PROJECT_VERSION = 1;
				DEFINES_MODULE = YES;
				DEVELOPMENT_TEAM = 59XYW74885;
				DYLIB_COMPATIBILITY_VERSION = 1;
				DYLIB_CURRENT_VERSION = 1;
				DYLIB_INSTALL_NAME_BASE = "@rpath";
				ENABLE_MODULE_VERIFIER = YES;
				GENERATE_INFOPLIST_FILE = YES;
				INFOPLIST_KEY_NSHumanReadableCopyright = "";
				INSTALL_PATH = "$(LOCAL_LIBRARY_DIR)/Frameworks";
				IPHONEOS_DEPLOYMENT_TARGET = 16.4;
				LD_RUNPATH_SEARCH_PATHS = (
					"$(inherited)",
					"@executable_path/Frameworks",
					"@loader_path/Frameworks",
				);
				MARKETING_VERSION = 1.0;
				MODULE_VERIFIER_SUPPORTED_LANGUAGES = "objective-c objective-c++";
				MODULE_VERIFIER_SUPPORTED_LANGUAGE_STANDARDS = "gnu11 gnu++20";
				PRODUCT_BUNDLE_IDENTIFIER = com.nicolocurioni.EssentialFeediOS;
				PRODUCT_NAME = "$(TARGET_NAME:c99extidentifier)";
				SDKROOT = iphoneos;
				SKIP_INSTALL = YES;
				SWIFT_EMIT_LOC_STRINGS = YES;
				SWIFT_VERSION = 5.0;
				TARGETED_DEVICE_FAMILY = "1,2";
			};
			name = Debug;
		};
		AF57BCD32B7503C400B03F9E /* Release */ = {
			isa = XCBuildConfiguration;
			buildSettings = {
				CLANG_CXX_LANGUAGE_STANDARD = "gnu++20";
				CODE_SIGN_STYLE = Automatic;
				CURRENT_PROJECT_VERSION = 1;
				DEFINES_MODULE = YES;
				DEVELOPMENT_TEAM = 59XYW74885;
				DYLIB_COMPATIBILITY_VERSION = 1;
				DYLIB_CURRENT_VERSION = 1;
				DYLIB_INSTALL_NAME_BASE = "@rpath";
				ENABLE_MODULE_VERIFIER = YES;
				GENERATE_INFOPLIST_FILE = YES;
				INFOPLIST_KEY_NSHumanReadableCopyright = "";
				INSTALL_PATH = "$(LOCAL_LIBRARY_DIR)/Frameworks";
				IPHONEOS_DEPLOYMENT_TARGET = 16.4;
				LD_RUNPATH_SEARCH_PATHS = (
					"$(inherited)",
					"@executable_path/Frameworks",
					"@loader_path/Frameworks",
				);
				MARKETING_VERSION = 1.0;
				MODULE_VERIFIER_SUPPORTED_LANGUAGES = "objective-c objective-c++";
				MODULE_VERIFIER_SUPPORTED_LANGUAGE_STANDARDS = "gnu11 gnu++20";
				PRODUCT_BUNDLE_IDENTIFIER = com.nicolocurioni.EssentialFeediOS;
				PRODUCT_NAME = "$(TARGET_NAME:c99extidentifier)";
				SDKROOT = iphoneos;
				SKIP_INSTALL = YES;
				SWIFT_EMIT_LOC_STRINGS = YES;
				SWIFT_VERSION = 5.0;
				TARGETED_DEVICE_FAMILY = "1,2";
				VALIDATE_PRODUCT = YES;
			};
			name = Release;
		};
		AF57BCD52B7503C400B03F9E /* Debug */ = {
			isa = XCBuildConfiguration;
			buildSettings = {
				ALWAYS_EMBED_SWIFT_STANDARD_LIBRARIES = YES;
				CLANG_CXX_LANGUAGE_STANDARD = "gnu++20";
				CLANG_ENABLE_MODULES = YES;
				CODE_SIGN_STYLE = Automatic;
				CURRENT_PROJECT_VERSION = 1;
				DEVELOPMENT_TEAM = 59XYW74885;
				GENERATE_INFOPLIST_FILE = YES;
				IPHONEOS_DEPLOYMENT_TARGET = 16.4;
				MARKETING_VERSION = 1.0;
				PRODUCT_BUNDLE_IDENTIFIER = com.nicolocurioni.EssentialFeediOSTests;
				PRODUCT_NAME = "$(TARGET_NAME)";
				SDKROOT = iphoneos;
				SWIFT_EMIT_LOC_STRINGS = NO;
				SWIFT_OPTIMIZATION_LEVEL = "-Onone";
				SWIFT_VERSION = 5.0;
				TARGETED_DEVICE_FAMILY = "1,2";
			};
			name = Debug;
		};
		AF57BCD62B7503C400B03F9E /* Release */ = {
			isa = XCBuildConfiguration;
			buildSettings = {
				ALWAYS_EMBED_SWIFT_STANDARD_LIBRARIES = YES;
				CLANG_CXX_LANGUAGE_STANDARD = "gnu++20";
				CLANG_ENABLE_MODULES = YES;
				CODE_SIGN_STYLE = Automatic;
				CURRENT_PROJECT_VERSION = 1;
				DEVELOPMENT_TEAM = 59XYW74885;
				GENERATE_INFOPLIST_FILE = YES;
				IPHONEOS_DEPLOYMENT_TARGET = 16.4;
				MARKETING_VERSION = 1.0;
				PRODUCT_BUNDLE_IDENTIFIER = com.nicolocurioni.EssentialFeediOSTests;
				PRODUCT_NAME = "$(TARGET_NAME)";
				SDKROOT = iphoneos;
				SWIFT_EMIT_LOC_STRINGS = NO;
				SWIFT_VERSION = 5.0;
				TARGETED_DEVICE_FAMILY = "1,2";
				VALIDATE_PRODUCT = YES;
			};
			name = Release;
		};
		AF61DBFC2AE0914600717A7C /* Debug */ = {
			isa = XCBuildConfiguration;
			buildSettings = {
				CLANG_CXX_LANGUAGE_STANDARD = "gnu++20";
				CODE_SIGN_STYLE = Automatic;
				CURRENT_PROJECT_VERSION = 1;
				DEAD_CODE_STRIPPING = YES;
				DEVELOPMENT_TEAM = 59XYW74885;
				GENERATE_INFOPLIST_FILE = YES;
				MACOSX_DEPLOYMENT_TARGET = 13.3;
				MARKETING_VERSION = 1.0;
				PRODUCT_BUNDLE_IDENTIFIER = com.nicolocurioni.EssentialFeedAPIEndToEndTests;
				PRODUCT_NAME = "$(TARGET_NAME)";
				SUPPORTED_PLATFORMS = "macosx iphonesimulator iphoneos";
				SWIFT_EMIT_LOC_STRINGS = NO;
				SWIFT_VERSION = 5.0;
			};
			name = Debug;
		};
		AF61DBFD2AE0914600717A7C /* Release */ = {
			isa = XCBuildConfiguration;
			buildSettings = {
				CLANG_CXX_LANGUAGE_STANDARD = "gnu++20";
				CODE_SIGN_STYLE = Automatic;
				CURRENT_PROJECT_VERSION = 1;
				DEAD_CODE_STRIPPING = YES;
				DEVELOPMENT_TEAM = 59XYW74885;
				GENERATE_INFOPLIST_FILE = YES;
				MACOSX_DEPLOYMENT_TARGET = 13.3;
				MARKETING_VERSION = 1.0;
				PRODUCT_BUNDLE_IDENTIFIER = com.nicolocurioni.EssentialFeedAPIEndToEndTests;
				PRODUCT_NAME = "$(TARGET_NAME)";
				SUPPORTED_PLATFORMS = "macosx iphonesimulator iphoneos";
				SWIFT_EMIT_LOC_STRINGS = NO;
				SWIFT_VERSION = 5.0;
			};
			name = Release;
		};
		AFDBBD8B2B656C3700F75F81 /* Debug */ = {
			isa = XCBuildConfiguration;
			buildSettings = {
				CLANG_CXX_LANGUAGE_STANDARD = "gnu++20";
				CODE_SIGN_STYLE = Automatic;
				CURRENT_PROJECT_VERSION = 1;
				DEAD_CODE_STRIPPING = YES;
				DEVELOPMENT_TEAM = 59XYW74885;
				GENERATE_INFOPLIST_FILE = YES;
				MACOSX_DEPLOYMENT_TARGET = 13.3;
				MARKETING_VERSION = 1.0;
				PRODUCT_BUNDLE_IDENTIFIER = com.nicolocurioni.EssentialFeedCacheIntegrationTests;
				PRODUCT_NAME = "$(TARGET_NAME)";
				SUPPORTED_PLATFORMS = "macosx iphonesimulator iphoneos";
				SWIFT_EMIT_LOC_STRINGS = NO;
				SWIFT_VERSION = 5.0;
			};
			name = Debug;
		};
		AFDBBD8C2B656C3700F75F81 /* Release */ = {
			isa = XCBuildConfiguration;
			buildSettings = {
				CLANG_CXX_LANGUAGE_STANDARD = "gnu++20";
				CODE_SIGN_STYLE = Automatic;
				CURRENT_PROJECT_VERSION = 1;
				DEAD_CODE_STRIPPING = YES;
				DEVELOPMENT_TEAM = 59XYW74885;
				GENERATE_INFOPLIST_FILE = YES;
				MACOSX_DEPLOYMENT_TARGET = 13.3;
				MARKETING_VERSION = 1.0;
				PRODUCT_BUNDLE_IDENTIFIER = com.nicolocurioni.EssentialFeedCacheIntegrationTests;
				PRODUCT_NAME = "$(TARGET_NAME)";
				SUPPORTED_PLATFORMS = "macosx iphonesimulator iphoneos";
				SWIFT_EMIT_LOC_STRINGS = NO;
				SWIFT_VERSION = 5.0;
			};
			name = Release;
		};
/* End XCBuildConfiguration section */

/* Begin XCConfigurationList section */
		A119527D27BEE72A008C6645 /* Build configuration list for PBXProject "EssentialFeed" */ = {
			isa = XCConfigurationList;
			buildConfigurations = (
				A119529527BEE72A008C6645 /* Debug */,
				A119529627BEE72A008C6645 /* Release */,
			);
			defaultConfigurationIsVisible = 0;
			defaultConfigurationName = Release;
		};
		A119529727BEE72A008C6645 /* Build configuration list for PBXNativeTarget "EssentialFeed" */ = {
			isa = XCConfigurationList;
			buildConfigurations = (
				A119529827BEE72A008C6645 /* Debug */,
				A119529927BEE72A008C6645 /* Release */,
			);
			defaultConfigurationIsVisible = 0;
			defaultConfigurationName = Release;
		};
		A119529A27BEE72A008C6645 /* Build configuration list for PBXNativeTarget "EssentialFeedTests" */ = {
			isa = XCConfigurationList;
			buildConfigurations = (
				A119529B27BEE72A008C6645 /* Debug */,
				A119529C27BEE72A008C6645 /* Release */,
			);
			defaultConfigurationIsVisible = 0;
			defaultConfigurationName = Release;
		};
		AF57BCD12B7503C400B03F9E /* Build configuration list for PBXNativeTarget "EssentialFeediOS" */ = {
			isa = XCConfigurationList;
			buildConfigurations = (
				AF57BCD22B7503C400B03F9E /* Debug */,
				AF57BCD32B7503C400B03F9E /* Release */,
			);
			defaultConfigurationIsVisible = 0;
			defaultConfigurationName = Release;
		};
		AF57BCD42B7503C400B03F9E /* Build configuration list for PBXNativeTarget "EssentialFeediOSTests" */ = {
			isa = XCConfigurationList;
			buildConfigurations = (
				AF57BCD52B7503C400B03F9E /* Debug */,
				AF57BCD62B7503C400B03F9E /* Release */,
			);
			defaultConfigurationIsVisible = 0;
			defaultConfigurationName = Release;
		};
		AF61DBFB2AE0914600717A7C /* Build configuration list for PBXNativeTarget "EssentialFeedAPIEndToEndTests" */ = {
			isa = XCConfigurationList;
			buildConfigurations = (
				AF61DBFC2AE0914600717A7C /* Debug */,
				AF61DBFD2AE0914600717A7C /* Release */,
			);
			defaultConfigurationIsVisible = 0;
			defaultConfigurationName = Release;
		};
		AFDBBD8A2B656C3700F75F81 /* Build configuration list for PBXNativeTarget "EssentialFeedCacheIntegrationTests" */ = {
			isa = XCConfigurationList;
			buildConfigurations = (
				AFDBBD8B2B656C3700F75F81 /* Debug */,
				AFDBBD8C2B656C3700F75F81 /* Release */,
			);
			defaultConfigurationIsVisible = 0;
			defaultConfigurationName = Release;
		};
/* End XCConfigurationList section */

/* Begin XCVersionGroup section */
		AF57BC932B73B88800B03F9E /* FeedStore.xcdatamodeld */ = {
			isa = XCVersionGroup;
			children = (
				AF57BC942B73B88800B03F9E /* FeedStore.xcdatamodel */,
			);
			currentVersion = AF57BC942B73B88800B03F9E /* FeedStore.xcdatamodel */;
			name = FeedStore.xcdatamodeld;
			path = "../../../Feed Cache/Infrastructure/FeedStore.xcdatamodeld";
			sourceTree = "<group>";
			versionGroupType = wrapper.xcdatamodel;
		};
/* End XCVersionGroup section */
	};
	rootObject = A119527A27BEE72A008C6645 /* Project object */;
}
